// !$*UTF8*$!
{
	archiveVersion = 1;
	classes = {
	};
	objectVersion = 55;
	objects = {

/* Begin PBXBuildFile section */
		803DB3DC27EA35A800CC5BED /* AppDelegate.swift in Sources */ = {isa = PBXBuildFile; fileRef = 803DB3DB27EA35A800CC5BED /* AppDelegate.swift */; };
		803DB3DE27EA35A800CC5BED /* SceneDelegate.swift in Sources */ = {isa = PBXBuildFile; fileRef = 803DB3DD27EA35A800CC5BED /* SceneDelegate.swift */; };
		803DB3E027EA35A800CC5BED /* ViewController.swift in Sources */ = {isa = PBXBuildFile; fileRef = 803DB3DF27EA35A800CC5BED /* ViewController.swift */; };
		803DB3E327EA35A800CC5BED /* Main.storyboard in Resources */ = {isa = PBXBuildFile; fileRef = 803DB3E127EA35A800CC5BED /* Main.storyboard */; };
		803DB3E527EA35A900CC5BED /* Assets.xcassets in Resources */ = {isa = PBXBuildFile; fileRef = 803DB3E427EA35A900CC5BED /* Assets.xcassets */; };
		803DB3E827EA35A900CC5BED /* LaunchScreen.storyboard in Resources */ = {isa = PBXBuildFile; fileRef = 803DB3E627EA35A900CC5BED /* LaunchScreen.storyboard */; };
		803DB3F127EA371F00CC5BED /* BaseViewController.swift in Sources */ = {isa = PBXBuildFile; fileRef = 803DB3F027EA371F00CC5BED /* BaseViewController.swift */; };
/* End PBXBuildFile section */

/* Begin PBXFileReference section */
		803DB3D827EA35A800CC5BED /* Eticaret.app */ = {isa = PBXFileReference; explicitFileType = wrapper.application; includeInIndex = 0; path = Eticaret.app; sourceTree = BUILT_PRODUCTS_DIR; };
		803DB3DB27EA35A800CC5BED /* AppDelegate.swift */ = {isa = PBXFileReference; lastKnownFileType = sourcecode.swift; path = AppDelegate.swift; sourceTree = "<group>"; };
		803DB3DD27EA35A800CC5BED /* SceneDelegate.swift */ = {isa = PBXFileReference; lastKnownFileType = sourcecode.swift; path = SceneDelegate.swift; sourceTree = "<group>"; };
		803DB3DF27EA35A800CC5BED /* ViewController.swift */ = {isa = PBXFileReference; lastKnownFileType = sourcecode.swift; path = ViewController.swift; sourceTree = "<group>"; };
		803DB3E227EA35A800CC5BED /* Base */ = {isa = PBXFileReference; lastKnownFileType = file.storyboard; name = Base; path = Base.lproj/Main.storyboard; sourceTree = "<group>"; };
		803DB3E427EA35A900CC5BED /* Assets.xcassets */ = {isa = PBXFileReference; lastKnownFileType = folder.assetcatalog; path = Assets.xcassets; sourceTree = "<group>"; };
		803DB3E727EA35A900CC5BED /* Base */ = {isa = PBXFileReference; lastKnownFileType = file.storyboard; name = Base; path = Base.lproj/LaunchScreen.storyboard; sourceTree = "<group>"; };
		803DB3E927EA35A900CC5BED /* Info.plist */ = {isa = PBXFileReference; lastKnownFileType = text.plist.xml; path = Info.plist; sourceTree = "<group>"; };
		803DB3F027EA371F00CC5BED /* BaseViewController.swift */ = {isa = PBXFileReference; lastKnownFileType = sourcecode.swift; path = BaseViewController.swift; sourceTree = "<group>"; };
/* End PBXFileReference section */

/* Begin PBXFrameworksBuildPhase section */
		803DB3D527EA35A800CC5BED /* Frameworks */ = {
			isa = PBXFrameworksBuildPhase;
			buildActionMask = 2147483647;
			files = (
			);
			runOnlyForDeploymentPostprocessing = 0;
		};
/* End PBXFrameworksBuildPhase section */

/* Begin PBXGroup section */
		803DB3CF27EA35A800CC5BED = {
			isa = PBXGroup;
			children = (
				803DB3DA27EA35A800CC5BED /* Eticaret */,
				803DB3D927EA35A800CC5BED /* Products */,
			);
			sourceTree = "<group>";
		};
		803DB3D927EA35A800CC5BED /* Products */ = {
			isa = PBXGroup;
			children = (
				803DB3D827EA35A800CC5BED /* Eticaret.app */,
			);
			name = Products;
			sourceTree = "<group>";
		};
		803DB3DA27EA35A800CC5BED /* Eticaret */ = {
			isa = PBXGroup;
			children = (
				803DB3EF27EA370100CC5BED /* Base */,
				803DB3DB27EA35A800CC5BED /* AppDelegate.swift */,
				803DB3DD27EA35A800CC5BED /* SceneDelegate.swift */,
				803DB3DF27EA35A800CC5BED /* ViewController.swift */,
				803DB3E127EA35A800CC5BED /* Main.storyboard */,
				803DB3E427EA35A900CC5BED /* Assets.xcassets */,
				803DB3E627EA35A900CC5BED /* LaunchScreen.storyboard */,
				803DB3E927EA35A900CC5BED /* Info.plist */,
			);
			path = Eticaret;
			sourceTree = "<group>";
		};
		803DB3EF27EA370100CC5BED /* Base */ = {
			isa = PBXGroup;
			children = (
				803DB3F027EA371F00CC5BED /* BaseViewController.swift */,
			);
			path = Base;
			sourceTree = "<group>";
		};
/* End PBXGroup section */

/* Begin PBXNativeTarget section */
		803DB3D727EA35A800CC5BED /* Eticaret */ = {
			isa = PBXNativeTarget;
			buildConfigurationList = 803DB3EC27EA35A900CC5BED /* Build configuration list for PBXNativeTarget "Eticaret" */;
			buildPhases = (
				803DB3D427EA35A800CC5BED /* Sources */,
				803DB3D527EA35A800CC5BED /* Frameworks */,
				803DB3D627EA35A800CC5BED /* Resources */,
			);
			buildRules = (
			);
			dependencies = (
			);
			name = Eticaret;
			productName = Eticaret;
			productReference = 803DB3D827EA35A800CC5BED /* Eticaret.app */;
			productType = "com.apple.product-type.application";
		};
/* End PBXNativeTarget section */

/* Begin PBXProject section */
		803DB3D027EA35A800CC5BED /* Project object */ = {
			isa = PBXProject;
			attributes = {
				BuildIndependentTargetsInParallel = 1;
				LastSwiftUpdateCheck = 1330;
				LastUpgradeCheck = 1330;
				TargetAttributes = {
					803DB3D727EA35A800CC5BED = {
						CreatedOnToolsVersion = 13.3;
					};
				};
			};
			buildConfigurationList = 803DB3D327EA35A800CC5BED /* Build configuration list for PBXProject "Eticaret" */;
			compatibilityVersion = "Xcode 13.0";
			developmentRegion = en;
			hasScannedForEncodings = 0;
			knownRegions = (
				en,
				Base,
			);
			mainGroup = 803DB3CF27EA35A800CC5BED;
			productRefGroup = 803DB3D927EA35A800CC5BED /* Products */;
			projectDirPath = "";
			projectRoot = "";
			targets = (
				803DB3D727EA35A800CC5BED /* Eticaret */,
			);
		};
/* End PBXProject section */

/* Begin PBXResourcesBuildPhase section */
		803DB3D627EA35A800CC5BED /* Resources */ = {
			isa = PBXResourcesBuildPhase;
			buildActionMask = 2147483647;
			files = (
				803DB3E827EA35A900CC5BED /* LaunchScreen.storyboard in Resources */,
				803DB3E527EA35A900CC5BED /* Assets.xcassets in Resources */,
				803DB3E327EA35A800CC5BED /* Main.storyboard in Resources */,
			);
			runOnlyForDeploymentPostprocessing = 0;
		};
/* End PBXResourcesBuildPhase section */

/* Begin PBXSourcesBuildPhase section */
		803DB3D427EA35A800CC5BED /* Sources */ = {
			isa = PBXSourcesBuildPhase;
			buildActionMask = 2147483647;
			files = (
				803DB3E027EA35A800CC5BED /* ViewController.swift in Sources */,
				803DB3F127EA371F00CC5BED /* BaseViewController.swift in Sources */,
				803DB3DC27EA35A800CC5BED /* AppDelegate.swift in Sources */,
				803DB3DE27EA35A800CC5BED /* SceneDelegate.swift in Sources */,
			);
			runOnlyForDeploymentPostprocessing = 0;
		};
/* End PBXSourcesBuildPhase section */

/* Begin PBXVariantGroup section */
		803DB3E127EA35A800CC5BED /* Main.storyboard */ = {
			isa = PBXVariantGroup;
			children = (
				803DB3E227EA35A800CC5BED /* Base */,
			);
			name = Main.storyboard;
			sourceTree = "<group>";
		};
		803DB3E627EA35A900CC5BED /* LaunchScreen.storyboard */ = {
			isa = PBXVariantGroup;
			children = (
				803DB3E727EA35A900CC5BED /* Base */,
			);
			name = LaunchScreen.storyboard;
			sourceTree = "<group>";
		};
/* End PBXVariantGroup section */

/* Begin XCBuildConfiguration section */
		803DB3EA27EA35A900CC5BED /* Debug */ = {
			isa = XCBuildConfiguration;
			buildSettings = {
				ALWAYS_SEARCH_USER_PATHS = NO;
				CLANG_ANALYZER_NONNULL = YES;
				CLANG_ANALYZER_NUMBER_OBJECT_CONVERSION = YES_AGGRESSIVE;
				CLANG_CXX_LANGUAGE_STANDARD = "gnu++17";
				CLANG_ENABLE_MODULES = YES;
				CLANG_ENABLE_OBJC_ARC = YES;
				CLANG_ENABLE_OBJC_WEAK = YES;
				CLANG_WARN_BLOCK_CAPTURE_AUTORELEASING = YES;
				CLANG_WARN_BOOL_CONVERSION = YES;
				CLANG_WARN_COMMA = YES;
				CLANG_WARN_CONSTANT_CONVERSION = YES;
				CLANG_WARN_DEPRECATED_OBJC_IMPLEMENTATIONS = YES;
				CLANG_WARN_DIRECT_OBJC_ISA_USAGE = YES_ERROR;
				CLANG_WARN_DOCUMENTATION_COMMENTS = YES;
				CLANG_WARN_EMPTY_BODY = YES;
				CLANG_WARN_ENUM_CONVERSION = YES;
				CLANG_WARN_INFINITE_RECURSION = YES;
				CLANG_WARN_INT_CONVERSION = YES;
				CLANG_WARN_NON_LITERAL_NULL_CONVERSION = YES;
				CLANG_WARN_OBJC_IMPLICIT_RETAIN_SELF = YES;
				CLANG_WARN_OBJC_LITERAL_CONVERSION = YES;
				CLANG_WARN_OBJC_ROOT_CLASS = YES_ERROR;
				CLANG_WARN_QUOTED_INCLUDE_IN_FRAMEWORK_HEADER = YES;
				CLANG_WARN_RANGE_LOOP_ANALYSIS = YES;
				CLANG_WARN_STRICT_PROTOTYPES = YES;
				CLANG_WARN_SUSPICIOUS_MOVE = YES;
				CLANG_WARN_UNGUARDED_AVAILABILITY = YES_AGGRESSIVE;
				CLANG_WARN_UNREACHABLE_CODE = YES;
				CLANG_WARN__DUPLICATE_METHOD_MATCH = YES;
				COPY_PHASE_STRIP = NO;
				DEBUG_INFORMATION_FORMAT = dwarf;
				ENABLE_STRICT_OBJC_MSGSEND = YES;
				ENABLE_TESTABILITY = YES;
				GCC_C_LANGUAGE_STANDARD = gnu11;
				GCC_DYNAMIC_NO_PIC = NO;
				GCC_NO_COMMON_BLOCKS = YES;
				GCC_OPTIMIZATION_LEVEL = 0;
				GCC_PREPROCESSOR_DEFINITIONS = (
					"DEBUG=1",
					"$(inherited)",
				);
				GCC_WARN_64_TO_32_BIT_CONVERSION = YES;
				GCC_WARN_ABOUT_RETURN_TYPE = YES_ERROR;
				GCC_WARN_UNDECLARED_SELECTOR = YES;
				GCC_WARN_UNINITIALIZED_AUTOS = YES_AGGRESSIVE;
				GCC_WARN_UNUSED_FUNCTION = YES;
				GCC_WARN_UNUSED_VARIABLE = YES;
				IPHONEOS_DEPLOYMENT_TARGET = 15.4;
				MTL_ENABLE_DEBUG_INFO = INCLUDE_SOURCE;
				MTL_FAST_MATH = YES;
				ONLY_ACTIVE_ARCH = YES;
				SDKROOT = iphoneos;
				SWIFT_ACTIVE_COMPILATION_CONDITIONS = DEBUG;
				SWIFT_OPTIMIZATION_LEVEL = "-Onone";
			};
			name = Debug;
		};
		803DB3EB27EA35A900CC5BED /* Release */ = {
			isa = XCBuildConfiguration;
			buildSettings = {
				ALWAYS_SEARCH_USER_PATHS = NO;
				CLANG_ANALYZER_NONNULL = YES;
				CLANG_ANALYZER_NUMBER_OBJECT_CONVERSION = YES_AGGRESSIVE;
				CLANG_CXX_LANGUAGE_STANDARD = "gnu++17";
				CLANG_ENABLE_MODULES = YES;
				CLANG_ENABLE_OBJC_ARC = YES;
				CLANG_ENABLE_OBJC_WEAK = YES;
				CLANG_WARN_BLOCK_CAPTURE_AUTORELEASING = YES;
				CLANG_WARN_BOOL_CONVERSION = YES;
				CLANG_WARN_COMMA = YES;
				CLANG_WARN_CONSTANT_CONVERSION = YES;
				CLANG_WARN_DEPRECATED_OBJC_IMPLEMENTATIONS = YES;
				CLANG_WARN_DIRECT_OBJC_ISA_USAGE = YES_ERROR;
				CLANG_WARN_DOCUMENTATION_COMMENTS = YES;
				CLANG_WARN_EMPTY_BODY = YES;
				CLANG_WARN_ENUM_CONVERSION = YES;
				CLANG_WARN_INFINITE_RECURSION = YES;
				CLANG_WARN_INT_CONVERSION = YES;
				CLANG_WARN_NON_LITERAL_NULL_CONVERSION = YES;
				CLANG_WARN_OBJC_IMPLICIT_RETAIN_SELF = YES;
				CLANG_WARN_OBJC_LITERAL_CONVERSION = YES;
				CLANG_WARN_OBJC_ROOT_CLASS = YES_ERROR;
				CLANG_WARN_QUOTED_INCLUDE_IN_FRAMEWORK_HEADER = YES;
				CLANG_WARN_RANGE_LOOP_ANALYSIS = YES;
				CLANG_WARN_STRICT_PROTOTYPES = YES;
				CLANG_WARN_SUSPICIOUS_MOVE = YES;
				CLANG_WARN_UNGUARDED_AVAILABILITY = YES_AGGRESSIVE;
				CLANG_WARN_UNREACHABLE_CODE = YES;
				CLANG_WARN__DUPLICATE_METHOD_MATCH = YES;
				COPY_PHASE_STRIP = NO;
				DEBUG_INFORMATION_FORMAT = "dwarf-with-dsym";
				ENABLE_NS_ASSERTIONS = NO;
				ENABLE_STRICT_OBJC_MSGSEND = YES;
				GCC_C_LANGUAGE_STANDARD = gnu11;
				GCC_NO_COMMON_BLOCKS = YES;
				GCC_WARN_64_TO_32_BIT_CONVERSION = YES;
				GCC_WARN_ABOUT_RETURN_TYPE = YES_ERROR;
				GCC_WARN_UNDECLARED_SELECTOR = YES;
				GCC_WARN_UNINITIALIZED_AUTOS = YES_AGGRESSIVE;
				GCC_WARN_UNUSED_FUNCTION = YES;
				GCC_WARN_UNUSED_VARIABLE = YES;
				IPHONEOS_DEPLOYMENT_TARGET = 15.4;
				MTL_ENABLE_DEBUG_INFO = NO;
				MTL_FAST_MATH = YES;
				SDKROOT = iphoneos;
				SWIFT_COMPILATION_MODE = wholemodule;
				SWIFT_OPTIMIZATION_LEVEL = "-O";
				VALIDATE_PRODUCT = YES;
			};
			name = Release;
		};
		803DB3ED27EA35A900CC5BED /* Debug */ = {
			isa = XCBuildConfiguration;
			buildSettings = {
				ASSETCATALOG_COMPILER_APPICON_NAME = AppIcon;
				ASSETCATALOG_COMPILER_GLOBAL_ACCENT_COLOR_NAME = AccentColor;
				CODE_SIGN_STYLE = Automatic;
				CURRENT_PROJECT_VERSION = 1;
				DEVELOPMENT_TEAM = S47T2VL424;
				GENERATE_INFOPLIST_FILE = YES;
				INFOPLIST_FILE = Eticaret/Info.plist;
				INFOPLIST_KEY_UIApplicationSupportsIndirectInputEvents = YES;
				INFOPLIST_KEY_UILaunchStoryboardName = LaunchScreen;
				INFOPLIST_KEY_UIMainStoryboardFile = Main;
				INFOPLIST_KEY_UISupportedInterfaceOrientations_iPad = "UIInterfaceOrientationPortrait UIInterfaceOrientationPortraitUpsideDown UIInterfaceOrientationLandscapeLeft UIInterfaceOrientationLandscapeRight";
				INFOPLIST_KEY_UISupportedInterfaceOrientations_iPhone = "UIInterfaceOrientationPortrait UIInterfaceOrientationLandscapeLeft UIInterfaceOrientationLandscapeRight";
				LD_RUNPATH_SEARCH_PATHS = (
					"$(inherited)",
					"@executable_path/Frameworks",
				);
				MARKETING_VERSION = 1.0;
				PRODUCT_BUNDLE_IDENTIFIER = yunusoktay.Eticaret;
				PRODUCT_NAME = "$(TARGET_NAME)";
				SWIFT_EMIT_LOC_STRINGS = YES;
				SWIFT_VERSION = 5.0;
				TARGETED_DEVICE_FAMILY = "1,2";
			};
			name = Debug;
		};
		803DB3EE27EA35A900CC5BED /* Release */ = {
			isa = XCBuildConfiguration;
			buildSettings = {
				ASSETCATALOG_COMPILER_APPICON_NAME = AppIcon;
				ASSETCATALOG_COMPILER_GLOBAL_ACCENT_COLOR_NAME = AccentColor;
				CODE_SIGN_STYLE = Automatic;
				CURRENT_PROJECT_VERSION = 1;
				DEVELOPMENT_TEAM = S47T2VL424;
				GENERATE_INFOPLIST_FILE = YES;
				INFOPLIST_FILE = Eticaret/Info.plist;
				INFOPLIST_KEY_UIApplicationSupportsIndirectInputEvents = YES;
				INFOPLIST_KEY_UILaunchStoryboardName = LaunchScreen;
				INFOPLIST_KEY_UIMainStoryboardFile = Main;
				INFOPLIST_KEY_UISupportedInterfaceOrientations_iPad = "UIInterfaceOrientationPortrait UIInterfaceOrientationPortraitUpsideDown UIInterfaceOrientationLandscapeLeft UIInterfaceOrientationLandscapeRight";
				INFOPLIST_KEY_UISupportedInterfaceOrientations_iPhone = "UIInterfaceOrientationPortrait UIInterfaceOrientationLandscapeLeft UIInterfaceOrientationLandscapeRight";
				LD_RUNPATH_SEARCH_PATHS = (
					"$(inherited)",
					"@executable_path/Frameworks",
				);
				MARKETING_VERSION = 1.0;
				PRODUCT_BUNDLE_IDENTIFIER = yunusoktay.Eticaret;
				PRODUCT_NAME = "$(TARGET_NAME)";
				SWIFT_EMIT_LOC_STRINGS = YES;
				SWIFT_VERSION = 5.0;
				TARGETED_DEVICE_FAMILY = "1,2";
			};
			name = Release;
		};
/* End XCBuildConfiguration section */

/* Begin XCConfigurationList section */
		803DB3D327EA35A800CC5BED /* Build configuration list for PBXProject "Eticaret" */ = {
			isa = XCConfigurationList;
			buildConfigurations = (
				803DB3EA27EA35A900CC5BED /* Debug */,
				803DB3EB27EA35A900CC5BED /* Release */,
			);
			defaultConfigurationIsVisible = 0;
			defaultConfigurationName = Release;
		};
		803DB3EC27EA35A900CC5BED /* Build configuration list for PBXNativeTarget "Eticaret" */ = {
			isa = XCConfigurationList;
			buildConfigurations = (
				803DB3ED27EA35A900CC5BED /* Debug */,
				803DB3EE27EA35A900CC5BED /* Release */,
			);
			defaultConfigurationIsVisible = 0;
			defaultConfigurationName = Release;
		};
/* End XCConfigurationList section */
	};
	rootObject = 803DB3D027EA35A800CC5BED /* Project object */;
}
