// !$*UTF8*$!
{
	archiveVersion = 1;
	classes = {
	};
	objectVersion = 55;
	objects = {

/* Begin PBXBuildFile section */
		1A8617733514A7C67C994040 /* Pods_Eticaret.framework in Frameworks */ = {isa = PBXBuildFile; fileRef = DB021D07874E7C0A18ADAE3E /* Pods_Eticaret.framework */; };
		803DB3DC27EA35A800CC5BED /* AppDelegate.swift in Sources */ = {isa = PBXBuildFile; fileRef = 803DB3DB27EA35A800CC5BED /* AppDelegate.swift */; };
		803DB3DE27EA35A800CC5BED /* SceneDelegate.swift in Sources */ = {isa = PBXBuildFile; fileRef = 803DB3DD27EA35A800CC5BED /* SceneDelegate.swift */; };
		803DB3E327EA35A800CC5BED /* Main.storyboard in Resources */ = {isa = PBXBuildFile; fileRef = 803DB3E127EA35A800CC5BED /* Main.storyboard */; };
		803DB3E527EA35A900CC5BED /* Assets.xcassets in Resources */ = {isa = PBXBuildFile; fileRef = 803DB3E427EA35A900CC5BED /* Assets.xcassets */; };
		803DB3E827EA35A900CC5BED /* LaunchScreen.storyboard in Resources */ = {isa = PBXBuildFile; fileRef = 803DB3E627EA35A900CC5BED /* LaunchScreen.storyboard */; };
		803DB3F127EA371F00CC5BED /* BaseViewController.swift in Sources */ = {isa = PBXBuildFile; fileRef = 803DB3F027EA371F00CC5BED /* BaseViewController.swift */; };
		803DB3F427EA389D00CC5BED /* ProductsVC.swift in Sources */ = {isa = PBXBuildFile; fileRef = 803DB3F327EA389D00CC5BED /* ProductsVC.swift */; };
		803DB3F727EA391D00CC5BED /* Network.swift in Sources */ = {isa = PBXBuildFile; fileRef = 803DB3F627EA391D00CC5BED /* Network.swift */; };
		803DB3F927EA392F00CC5BED /* RequestType.swift in Sources */ = {isa = PBXBuildFile; fileRef = 803DB3F827EA392F00CC5BED /* RequestType.swift */; };
		803DB3FB27EA393F00CC5BED /* HttpMethod.swift in Sources */ = {isa = PBXBuildFile; fileRef = 803DB3FA27EA393F00CC5BED /* HttpMethod.swift */; };
		803DB3FD27EA395B00CC5BED /* Responses.swift in Sources */ = {isa = PBXBuildFile; fileRef = 803DB3FC27EA395B00CC5BED /* Responses.swift */; };
		8042194B27EC91B700658CF9 /* ProductDetailVC.swift in Sources */ = {isa = PBXBuildFile; fileRef = 8042194927EC91B700658CF9 /* ProductDetailVC.swift */; };
		8042194C27EC91B700658CF9 /* ProductDetailVC.xib in Resources */ = {isa = PBXBuildFile; fileRef = 8042194A27EC91B700658CF9 /* ProductDetailVC.xib */; };
		8042194E27EC95EC00658CF9 /* Button+Extenison.swift in Sources */ = {isa = PBXBuildFile; fileRef = 8042194D27EC95EC00658CF9 /* Button+Extenison.swift */; };
		8042195227EC9B5300658CF9 /* MapVC.swift in Sources */ = {isa = PBXBuildFile; fileRef = 8042195027EC9B5300658CF9 /* MapVC.swift */; };
		8042195327EC9B5300658CF9 /* MapVC.xib in Resources */ = {isa = PBXBuildFile; fileRef = 8042195127EC9B5300658CF9 /* MapVC.xib */; };
		8042196027ECC7D700658CF9 /* PopUpVC.swift in Sources */ = {isa = PBXBuildFile; fileRef = 8042195E27ECC7D700658CF9 /* PopUpVC.swift */; };
		8042196127ECC7D700658CF9 /* PopUpVC.xib in Resources */ = {isa = PBXBuildFile; fileRef = 8042195F27ECC7D700658CF9 /* PopUpVC.xib */; };
		8069378E27EB383900E2B597 /* montserrat_medium.ttf in Resources */ = {isa = PBXBuildFile; fileRef = 8069378627EB383900E2B597 /* montserrat_medium.ttf */; };
		8069378F27EB383900E2B597 /* montserrat_regular.ttf in Resources */ = {isa = PBXBuildFile; fileRef = 8069378727EB383900E2B597 /* montserrat_regular.ttf */; };
		8069379027EB383900E2B597 /* montserrat_extra_bold.ttf in Resources */ = {isa = PBXBuildFile; fileRef = 8069378827EB383900E2B597 /* montserrat_extra_bold.ttf */; };
		8069379127EB383900E2B597 /* montserrat_semi_bold.ttf in Resources */ = {isa = PBXBuildFile; fileRef = 8069378927EB383900E2B597 /* montserrat_semi_bold.ttf */; };
		8069379227EB383900E2B597 /* montserrat_light.ttf in Resources */ = {isa = PBXBuildFile; fileRef = 8069378A27EB383900E2B597 /* montserrat_light.ttf */; };
		8069379327EB383900E2B597 /* montserrat_black.ttf in Resources */ = {isa = PBXBuildFile; fileRef = 8069378B27EB383900E2B597 /* montserrat_black.ttf */; };
		8069379427EB383900E2B597 /* montserrat_thin.ttf in Resources */ = {isa = PBXBuildFile; fileRef = 8069378C27EB383900E2B597 /* montserrat_thin.ttf */; };
		8069379527EB383900E2B597 /* montserrat_bold.ttf in Resources */ = {isa = PBXBuildFile; fileRef = 8069378D27EB383900E2B597 /* montserrat_bold.ttf */; };
		8069379827EB3BB600E2B597 /* ProductCell.swift in Sources */ = {isa = PBXBuildFile; fileRef = 8069379627EB3BB600E2B597 /* ProductCell.swift */; };
		8069379927EB3BB600E2B597 /* ProductCell.xib in Resources */ = {isa = PBXBuildFile; fileRef = 8069379727EB3BB600E2B597 /* ProductCell.xib */; };
		8069379C27EB434E00E2B597 /* Int+Extension.swift in Sources */ = {isa = PBXBuildFile; fileRef = 8069379B27EB434E00E2B597 /* Int+Extension.swift */; };
		8069379E27EB446200E2B597 /* UILabel+Extension.swift in Sources */ = {isa = PBXBuildFile; fileRef = 8069379D27EB446200E2B597 /* UILabel+Extension.swift */; };
		806937A027EB463900E2B597 /* UIImageView+Extension.swift in Sources */ = {isa = PBXBuildFile; fileRef = 8069379F27EB463900E2B597 /* UIImageView+Extension.swift */; };
/* End PBXBuildFile section */

/* Begin PBXFileReference section */
		74AB98D9A7F532F0EFECC77C /* Pods-Eticaret.release.xcconfig */ = {isa = PBXFileReference; includeInIndex = 1; lastKnownFileType = text.xcconfig; name = "Pods-Eticaret.release.xcconfig"; path = "Target Support Files/Pods-Eticaret/Pods-Eticaret.release.xcconfig"; sourceTree = "<group>"; };
		803DB3D827EA35A800CC5BED /* Eticaret.app */ = {isa = PBXFileReference; explicitFileType = wrapper.application; includeInIndex = 0; path = Eticaret.app; sourceTree = BUILT_PRODUCTS_DIR; };
		803DB3DB27EA35A800CC5BED /* AppDelegate.swift */ = {isa = PBXFileReference; lastKnownFileType = sourcecode.swift; path = AppDelegate.swift; sourceTree = "<group>"; };
		803DB3DD27EA35A800CC5BED /* SceneDelegate.swift */ = {isa = PBXFileReference; lastKnownFileType = sourcecode.swift; path = SceneDelegate.swift; sourceTree = "<group>"; };
		803DB3E227EA35A800CC5BED /* Base */ = {isa = PBXFileReference; lastKnownFileType = file.storyboard; name = Base; path = Base.lproj/Main.storyboard; sourceTree = "<group>"; };
		803DB3E427EA35A900CC5BED /* Assets.xcassets */ = {isa = PBXFileReference; lastKnownFileType = folder.assetcatalog; path = Assets.xcassets; sourceTree = "<group>"; };
		803DB3E727EA35A900CC5BED /* Base */ = {isa = PBXFileReference; lastKnownFileType = file.storyboard; name = Base; path = Base.lproj/LaunchScreen.storyboard; sourceTree = "<group>"; };
		803DB3E927EA35A900CC5BED /* Info.plist */ = {isa = PBXFileReference; lastKnownFileType = text.plist.xml; path = Info.plist; sourceTree = "<group>"; };
		803DB3F027EA371F00CC5BED /* BaseViewController.swift */ = {isa = PBXFileReference; lastKnownFileType = sourcecode.swift; path = BaseViewController.swift; sourceTree = "<group>"; };
		803DB3F327EA389D00CC5BED /* ProductsVC.swift */ = {isa = PBXFileReference; lastKnownFileType = sourcecode.swift; path = ProductsVC.swift; sourceTree = "<group>"; };
		803DB3F627EA391D00CC5BED /* Network.swift */ = {isa = PBXFileReference; lastKnownFileType = sourcecode.swift; path = Network.swift; sourceTree = "<group>"; };
		803DB3F827EA392F00CC5BED /* RequestType.swift */ = {isa = PBXFileReference; lastKnownFileType = sourcecode.swift; path = RequestType.swift; sourceTree = "<group>"; };
		803DB3FA27EA393F00CC5BED /* HttpMethod.swift */ = {isa = PBXFileReference; lastKnownFileType = sourcecode.swift; path = HttpMethod.swift; sourceTree = "<group>"; };
		803DB3FC27EA395B00CC5BED /* Responses.swift */ = {isa = PBXFileReference; lastKnownFileType = sourcecode.swift; path = Responses.swift; sourceTree = "<group>"; };
		8042194927EC91B700658CF9 /* ProductDetailVC.swift */ = {isa = PBXFileReference; lastKnownFileType = sourcecode.swift; path = ProductDetailVC.swift; sourceTree = "<group>"; };
		8042194A27EC91B700658CF9 /* ProductDetailVC.xib */ = {isa = PBXFileReference; lastKnownFileType = file.xib; path = ProductDetailVC.xib; sourceTree = "<group>"; };
		8042194D27EC95EC00658CF9 /* Button+Extenison.swift */ = {isa = PBXFileReference; lastKnownFileType = sourcecode.swift; path = "Button+Extenison.swift"; sourceTree = "<group>"; };
		8042195027EC9B5300658CF9 /* MapVC.swift */ = {isa = PBXFileReference; lastKnownFileType = sourcecode.swift; path = MapVC.swift; sourceTree = "<group>"; };
		8042195127EC9B5300658CF9 /* MapVC.xib */ = {isa = PBXFileReference; lastKnownFileType = file.xib; path = MapVC.xib; sourceTree = "<group>"; };
		8042195E27ECC7D700658CF9 /* PopUpVC.swift */ = {isa = PBXFileReference; lastKnownFileType = sourcecode.swift; path = PopUpVC.swift; sourceTree = "<group>"; };
		8042195F27ECC7D700658CF9 /* PopUpVC.xib */ = {isa = PBXFileReference; lastKnownFileType = file.xib; path = PopUpVC.xib; sourceTree = "<group>"; };
		8069378627EB383900E2B597 /* montserrat_medium.ttf */ = {isa = PBXFileReference; lastKnownFileType = file; path = montserrat_medium.ttf; sourceTree = "<group>"; };
		8069378727EB383900E2B597 /* montserrat_regular.ttf */ = {isa = PBXFileReference; lastKnownFileType = file; path = montserrat_regular.ttf; sourceTree = "<group>"; };
		8069378827EB383900E2B597 /* montserrat_extra_bold.ttf */ = {isa = PBXFileReference; lastKnownFileType = file; path = montserrat_extra_bold.ttf; sourceTree = "<group>"; };
		8069378927EB383900E2B597 /* montserrat_semi_bold.ttf */ = {isa = PBXFileReference; lastKnownFileType = file; path = montserrat_semi_bold.ttf; sourceTree = "<group>"; };
		8069378A27EB383900E2B597 /* montserrat_light.ttf */ = {isa = PBXFileReference; lastKnownFileType = file; path = montserrat_light.ttf; sourceTree = "<group>"; };
		8069378B27EB383900E2B597 /* montserrat_black.ttf */ = {isa = PBXFileReference; lastKnownFileType = file; path = montserrat_black.ttf; sourceTree = "<group>"; };
		8069378C27EB383900E2B597 /* montserrat_thin.ttf */ = {isa = PBXFileReference; lastKnownFileType = file; path = montserrat_thin.ttf; sourceTree = "<group>"; };
		8069378D27EB383900E2B597 /* montserrat_bold.ttf */ = {isa = PBXFileReference; lastKnownFileType = file; path = montserrat_bold.ttf; sourceTree = "<group>"; };
		8069379627EB3BB600E2B597 /* ProductCell.swift */ = {isa = PBXFileReference; lastKnownFileType = sourcecode.swift; path = ProductCell.swift; sourceTree = "<group>"; };
		8069379727EB3BB600E2B597 /* ProductCell.xib */ = {isa = PBXFileReference; lastKnownFileType = file.xib; path = ProductCell.xib; sourceTree = "<group>"; };
		8069379B27EB434E00E2B597 /* Int+Extension.swift */ = {isa = PBXFileReference; lastKnownFileType = sourcecode.swift; path = "Int+Extension.swift"; sourceTree = "<group>"; };
		8069379D27EB446200E2B597 /* UILabel+Extension.swift */ = {isa = PBXFileReference; lastKnownFileType = sourcecode.swift; path = "UILabel+Extension.swift"; sourceTree = "<group>"; };
		8069379F27EB463900E2B597 /* UIImageView+Extension.swift */ = {isa = PBXFileReference; lastKnownFileType = sourcecode.swift; path = "UIImageView+Extension.swift"; sourceTree = "<group>"; };
		8939257103AAFB0A21537ACD /* Pods-Eticaret.debug.xcconfig */ = {isa = PBXFileReference; includeInIndex = 1; lastKnownFileType = text.xcconfig; name = "Pods-Eticaret.debug.xcconfig"; path = "Target Support Files/Pods-Eticaret/Pods-Eticaret.debug.xcconfig"; sourceTree = "<group>"; };
		DB021D07874E7C0A18ADAE3E /* Pods_Eticaret.framework */ = {isa = PBXFileReference; explicitFileType = wrapper.framework; includeInIndex = 0; path = Pods_Eticaret.framework; sourceTree = BUILT_PRODUCTS_DIR; };
/* End PBXFileReference section */

/* Begin PBXFrameworksBuildPhase section */
		803DB3D527EA35A800CC5BED /* Frameworks */ = {
			isa = PBXFrameworksBuildPhase;
			buildActionMask = 2147483647;
			files = (
				1A8617733514A7C67C994040 /* Pods_Eticaret.framework in Frameworks */,
			);
			runOnlyForDeploymentPostprocessing = 0;
		};
/* End PBXFrameworksBuildPhase section */

/* Begin PBXGroup section */
		1B3D455AFA94654C3E01845B /* Frameworks */ = {
			isa = PBXGroup;
			children = (
				DB021D07874E7C0A18ADAE3E /* Pods_Eticaret.framework */,
			);
			name = Frameworks;
			sourceTree = "<group>";
		};
		51FB7BFE8C179E9FF71BB635 /* Pods */ = {
			isa = PBXGroup;
			children = (
				8939257103AAFB0A21537ACD /* Pods-Eticaret.debug.xcconfig */,
				74AB98D9A7F532F0EFECC77C /* Pods-Eticaret.release.xcconfig */,
			);
			path = Pods;
			sourceTree = "<group>";
		};
		803DB3CF27EA35A800CC5BED = {
			isa = PBXGroup;
			children = (
				803DB3DA27EA35A800CC5BED /* Eticaret */,
				803DB3D927EA35A800CC5BED /* Products */,
				51FB7BFE8C179E9FF71BB635 /* Pods */,
				1B3D455AFA94654C3E01845B /* Frameworks */,
			);
			sourceTree = "<group>";
		};
		803DB3D927EA35A800CC5BED /* Products */ = {
			isa = PBXGroup;
			children = (
				803DB3D827EA35A800CC5BED /* Eticaret.app */,
			);
			name = Products;
			sourceTree = "<group>";
		};
		803DB3DA27EA35A800CC5BED /* Eticaret */ = {
			isa = PBXGroup;
			children = (
				8069379A27EB432F00E2B597 /* Extension */,
				8069378527EB383900E2B597 /* Font */,
				8069377E27EB37DB00E2B597 /* Cell */,
				803DB3F527EA390700CC5BED /* Network */,
				803DB3F227EA387A00CC5BED /* ViewController */,
				803DB3EF27EA370100CC5BED /* Base */,
				803DB3DB27EA35A800CC5BED /* AppDelegate.swift */,
				803DB3DD27EA35A800CC5BED /* SceneDelegate.swift */,
				803DB3E127EA35A800CC5BED /* Main.storyboard */,
				803DB3E427EA35A900CC5BED /* Assets.xcassets */,
				803DB3E627EA35A900CC5BED /* LaunchScreen.storyboard */,
				803DB3E927EA35A900CC5BED /* Info.plist */,
			);
			path = Eticaret;
			sourceTree = "<group>";
		};
		803DB3EF27EA370100CC5BED /* Base */ = {
			isa = PBXGroup;
			children = (
				803DB3F027EA371F00CC5BED /* BaseViewController.swift */,
			);
			path = Base;
			sourceTree = "<group>";
		};
		803DB3F227EA387A00CC5BED /* ViewController */ = {
			isa = PBXGroup;
			children = (
				8042195527ECBD3D00658CF9 /* PopUp */,
				8042194F27EC9B3900658CF9 /* MapView */,
				8042194827EC917800658CF9 /* ProductDetail */,
				803DB3F327EA389D00CC5BED /* ProductsVC.swift */,
			);
			path = ViewController;
			sourceTree = "<group>";
		};
		803DB3F527EA390700CC5BED /* Network */ = {
			isa = PBXGroup;
			children = (
				803DB3F627EA391D00CC5BED /* Network.swift */,
				803DB3F827EA392F00CC5BED /* RequestType.swift */,
				803DB3FA27EA393F00CC5BED /* HttpMethod.swift */,
				803DB3FC27EA395B00CC5BED /* Responses.swift */,
			);
			path = Network;
			sourceTree = "<group>";
		};
		8042194827EC917800658CF9 /* ProductDetail */ = {
			isa = PBXGroup;
			children = (
				8042194927EC91B700658CF9 /* ProductDetailVC.swift */,
				8042194A27EC91B700658CF9 /* ProductDetailVC.xib */,
			);
			path = ProductDetail;
			sourceTree = "<group>";
		};
		8042194F27EC9B3900658CF9 /* MapView */ = {
			isa = PBXGroup;
			children = (
				8042195027EC9B5300658CF9 /* MapVC.swift */,
				8042195127EC9B5300658CF9 /* MapVC.xib */,
			);
			path = MapView;
			sourceTree = "<group>";
		};
		8042195527ECBD3D00658CF9 /* PopUp */ = {
			isa = PBXGroup;
			children = (
				8042195E27ECC7D700658CF9 /* PopUpVC.swift */,
				8042195F27ECC7D700658CF9 /* PopUpVC.xib */,
			);
			path = PopUp;
			sourceTree = "<group>";
		};
		8069377E27EB37DB00E2B597 /* Cell */ = {
			isa = PBXGroup;
			children = (
				8069379627EB3BB600E2B597 /* ProductCell.swift */,
				8069379727EB3BB600E2B597 /* ProductCell.xib */,
			);
			path = Cell;
			sourceTree = "<group>";
		};
		8069378527EB383900E2B597 /* Font */ = {
			isa = PBXGroup;
			children = (
				8069378627EB383900E2B597 /* montserrat_medium.ttf */,
				8069378727EB383900E2B597 /* montserrat_regular.ttf */,
				8069378827EB383900E2B597 /* montserrat_extra_bold.ttf */,
				8069378927EB383900E2B597 /* montserrat_semi_bold.ttf */,
				8069378A27EB383900E2B597 /* montserrat_light.ttf */,
				8069378B27EB383900E2B597 /* montserrat_black.ttf */,
				8069378C27EB383900E2B597 /* montserrat_thin.ttf */,
				8069378D27EB383900E2B597 /* montserrat_bold.ttf */,
			);
			path = Font;
			sourceTree = "<group>";
		};
		8069379A27EB432F00E2B597 /* Extension */ = {
			isa = PBXGroup;
			children = (
				8069379B27EB434E00E2B597 /* Int+Extension.swift */,
				8069379D27EB446200E2B597 /* UILabel+Extension.swift */,
				8069379F27EB463900E2B597 /* UIImageView+Extension.swift */,
				8042194D27EC95EC00658CF9 /* Button+Extenison.swift */,
			);
			path = Extension;
			sourceTree = "<group>";
		};
/* End PBXGroup section */

/* Begin PBXNativeTarget section */
		803DB3D727EA35A800CC5BED /* Eticaret */ = {
			isa = PBXNativeTarget;
			buildConfigurationList = 803DB3EC27EA35A900CC5BED /* Build configuration list for PBXNativeTarget "Eticaret" */;
			buildPhases = (
				8D579E938AF903597F844557 /* [CP] Check Pods Manifest.lock */,
				803DB3D427EA35A800CC5BED /* Sources */,
				803DB3D527EA35A800CC5BED /* Frameworks */,
				803DB3D627EA35A800CC5BED /* Resources */,
				9E661B0D550BC7780C508634 /* [CP] Embed Pods Frameworks */,
			);
			buildRules = (
			);
			dependencies = (
			);
			name = Eticaret;
			productName = Eticaret;
			productReference = 803DB3D827EA35A800CC5BED /* Eticaret.app */;
			productType = "com.apple.product-type.application";
		};
/* End PBXNativeTarget section */

/* Begin PBXProject section */
		803DB3D027EA35A800CC5BED /* Project object */ = {
			isa = PBXProject;
			attributes = {
				BuildIndependentTargetsInParallel = 1;
				LastSwiftUpdateCheck = 1330;
				LastUpgradeCheck = 1330;
				TargetAttributes = {
					803DB3D727EA35A800CC5BED = {
						CreatedOnToolsVersion = 13.3;
					};
				};
			};
			buildConfigurationList = 803DB3D327EA35A800CC5BED /* Build configuration list for PBXProject "Eticaret" */;
			compatibilityVersion = "Xcode 13.0";
			developmentRegion = en;
			hasScannedForEncodings = 0;
			knownRegions = (
				en,
				Base,
			);
			mainGroup = 803DB3CF27EA35A800CC5BED;
			productRefGroup = 803DB3D927EA35A800CC5BED /* Products */;
			projectDirPath = "";
			projectRoot = "";
			targets = (
				803DB3D727EA35A800CC5BED /* Eticaret */,
			);
		};
/* End PBXProject section */

/* Begin PBXResourcesBuildPhase section */
		803DB3D627EA35A800CC5BED /* Resources */ = {
			isa = PBXResourcesBuildPhase;
			buildActionMask = 2147483647;
			files = (
				8069379127EB383900E2B597 /* montserrat_semi_bold.ttf in Resources */,
				8069378F27EB383900E2B597 /* montserrat_regular.ttf in Resources */,
				8069379527EB383900E2B597 /* montserrat_bold.ttf in Resources */,
				803DB3E827EA35A900CC5BED /* LaunchScreen.storyboard in Resources */,
				8069379427EB383900E2B597 /* montserrat_thin.ttf in Resources */,
				8069379227EB383900E2B597 /* montserrat_light.ttf in Resources */,
				8069379327EB383900E2B597 /* montserrat_black.ttf in Resources */,
				803DB3E527EA35A900CC5BED /* Assets.xcassets in Resources */,
				8069379027EB383900E2B597 /* montserrat_extra_bold.ttf in Resources */,
				8069379927EB3BB600E2B597 /* ProductCell.xib in Resources */,
				8042196127ECC7D700658CF9 /* PopUpVC.xib in Resources */,
				803DB3E327EA35A800CC5BED /* Main.storyboard in Resources */,
				8069378E27EB383900E2B597 /* montserrat_medium.ttf in Resources */,
				8042194C27EC91B700658CF9 /* ProductDetailVC.xib in Resources */,
				8042195327EC9B5300658CF9 /* MapVC.xib in Resources */,
			);
			runOnlyForDeploymentPostprocessing = 0;
		};
/* End PBXResourcesBuildPhase section */

/* Begin PBXShellScriptBuildPhase section */
		8D579E938AF903597F844557 /* [CP] Check Pods Manifest.lock */ = {
			isa = PBXShellScriptBuildPhase;
			buildActionMask = 2147483647;
			files = (
			);
			inputFileListPaths = (
			);
			inputPaths = (
				"${PODS_PODFILE_DIR_PATH}/Podfile.lock",
				"${PODS_ROOT}/Manifest.lock",
			);
			name = "[CP] Check Pods Manifest.lock";
			outputFileListPaths = (
			);
			outputPaths = (
				"$(DERIVED_FILE_DIR)/Pods-Eticaret-checkManifestLockResult.txt",
			);
			runOnlyForDeploymentPostprocessing = 0;
			shellPath = /bin/sh;
			shellScript = "diff \"${PODS_PODFILE_DIR_PATH}/Podfile.lock\" \"${PODS_ROOT}/Manifest.lock\" > /dev/null\nif [ $? != 0 ] ; then\n    # print error to STDERR\n    echo \"error: The sandbox is not in sync with the Podfile.lock. Run 'pod install' or update your CocoaPods installation.\" >&2\n    exit 1\nfi\n# This output is used by Xcode 'outputs' to avoid re-running this script phase.\necho \"SUCCESS\" > \"${SCRIPT_OUTPUT_FILE_0}\"\n";
			showEnvVarsInLog = 0;
		};
		9E661B0D550BC7780C508634 /* [CP] Embed Pods Frameworks */ = {
			isa = PBXShellScriptBuildPhase;
			buildActionMask = 2147483647;
			files = (
			);
			inputFileListPaths = (
				"${PODS_ROOT}/Target Support Files/Pods-Eticaret/Pods-Eticaret-frameworks-${CONFIGURATION}-input-files.xcfilelist",
			);
			name = "[CP] Embed Pods Frameworks";
			outputFileListPaths = (
				"${PODS_ROOT}/Target Support Files/Pods-Eticaret/Pods-Eticaret-frameworks-${CONFIGURATION}-output-files.xcfilelist",
			);
			runOnlyForDeploymentPostprocessing = 0;
			shellPath = /bin/sh;
			shellScript = "\"${PODS_ROOT}/Target Support Files/Pods-Eticaret/Pods-Eticaret-frameworks.sh\"\n";
			showEnvVarsInLog = 0;
		};
/* End PBXShellScriptBuildPhase section */

/* Begin PBXSourcesBuildPhase section */
		803DB3D427EA35A800CC5BED /* Sources */ = {
			isa = PBXSourcesBuildPhase;
			buildActionMask = 2147483647;
			files = (
				803DB3FD27EA395B00CC5BED /* Responses.swift in Sources */,
				803DB3F427EA389D00CC5BED /* ProductsVC.swift in Sources */,
				806937A027EB463900E2B597 /* UIImageView+Extension.swift in Sources */,
				803DB3F927EA392F00CC5BED /* RequestType.swift in Sources */,
				803DB3F727EA391D00CC5BED /* Network.swift in Sources */,
				8042196027ECC7D700658CF9 /* PopUpVC.swift in Sources */,
				8069379C27EB434E00E2B597 /* Int+Extension.swift in Sources */,
				803DB3FB27EA393F00CC5BED /* HttpMethod.swift in Sources */,
				803DB3F127EA371F00CC5BED /* BaseViewController.swift in Sources */,
				8069379E27EB446200E2B597 /* UILabel+Extension.swift in Sources */,
				8069379827EB3BB600E2B597 /* ProductCell.swift in Sources */,
				8042195227EC9B5300658CF9 /* MapVC.swift in Sources */,
				803DB3DC27EA35A800CC5BED /* AppDelegate.swift in Sources */,
				8042194E27EC95EC00658CF9 /* Button+Extenison.swift in Sources */,
				8042194B27EC91B700658CF9 /* ProductDetailVC.swift in Sources */,
				803DB3DE27EA35A800CC5BED /* SceneDelegate.swift in Sources */,
			);
			runOnlyForDeploymentPostprocessing = 0;
		};
/* End PBXSourcesBuildPhase section */

/* Begin PBXVariantGroup section */
		803DB3E127EA35A800CC5BED /* Main.storyboard */ = {
			isa = PBXVariantGroup;
			children = (
				803DB3E227EA35A800CC5BED /* Base */,
			);
			name = Main.storyboard;
			sourceTree = "<group>";
		};
		803DB3E627EA35A900CC5BED /* LaunchScreen.storyboard */ = {
			isa = PBXVariantGroup;
			children = (
				803DB3E727EA35A900CC5BED /* Base */,
			);
			name = LaunchScreen.storyboard;
			sourceTree = "<group>";
		};
/* End PBXVariantGroup section */

/* Begin XCBuildConfiguration section */
		803DB3EA27EA35A900CC5BED /* Debug */ = {
			isa = XCBuildConfiguration;
			buildSettings = {
				ALWAYS_SEARCH_USER_PATHS = NO;
				CLANG_ANALYZER_NONNULL = YES;
				CLANG_ANALYZER_NUMBER_OBJECT_CONVERSION = YES_AGGRESSIVE;
				CLANG_CXX_LANGUAGE_STANDARD = "gnu++17";
				CLANG_ENABLE_MODULES = YES;
				CLANG_ENABLE_OBJC_ARC = YES;
				CLANG_ENABLE_OBJC_WEAK = YES;
				CLANG_WARN_BLOCK_CAPTURE_AUTORELEASING = YES;
				CLANG_WARN_BOOL_CONVERSION = YES;
				CLANG_WARN_COMMA = YES;
				CLANG_WARN_CONSTANT_CONVERSION = YES;
				CLANG_WARN_DEPRECATED_OBJC_IMPLEMENTATIONS = YES;
				CLANG_WARN_DIRECT_OBJC_ISA_USAGE = YES_ERROR;
				CLANG_WARN_DOCUMENTATION_COMMENTS = YES;
				CLANG_WARN_EMPTY_BODY = YES;
				CLANG_WARN_ENUM_CONVERSION = YES;
				CLANG_WARN_INFINITE_RECURSION = YES;
				CLANG_WARN_INT_CONVERSION = YES;
				CLANG_WARN_NON_LITERAL_NULL_CONVERSION = YES;
				CLANG_WARN_OBJC_IMPLICIT_RETAIN_SELF = YES;
				CLANG_WARN_OBJC_LITERAL_CONVERSION = YES;
				CLANG_WARN_OBJC_ROOT_CLASS = YES_ERROR;
				CLANG_WARN_QUOTED_INCLUDE_IN_FRAMEWORK_HEADER = YES;
				CLANG_WARN_RANGE_LOOP_ANALYSIS = YES;
				CLANG_WARN_STRICT_PROTOTYPES = YES;
				CLANG_WARN_SUSPICIOUS_MOVE = YES;
				CLANG_WARN_UNGUARDED_AVAILABILITY = YES_AGGRESSIVE;
				CLANG_WARN_UNREACHABLE_CODE = YES;
				CLANG_WARN__DUPLICATE_METHOD_MATCH = YES;
				COPY_PHASE_STRIP = NO;
				DEBUG_INFORMATION_FORMAT = dwarf;
				ENABLE_STRICT_OBJC_MSGSEND = YES;
				ENABLE_TESTABILITY = YES;
				GCC_C_LANGUAGE_STANDARD = gnu11;
				GCC_DYNAMIC_NO_PIC = NO;
				GCC_NO_COMMON_BLOCKS = YES;
				GCC_OPTIMIZATION_LEVEL = 0;
				GCC_PREPROCESSOR_DEFINITIONS = (
					"DEBUG=1",
					"$(inherited)",
				);
				GCC_WARN_64_TO_32_BIT_CONVERSION = YES;
				GCC_WARN_ABOUT_RETURN_TYPE = YES_ERROR;
				GCC_WARN_UNDECLARED_SELECTOR = YES;
				GCC_WARN_UNINITIALIZED_AUTOS = YES_AGGRESSIVE;
				GCC_WARN_UNUSED_FUNCTION = YES;
				GCC_WARN_UNUSED_VARIABLE = YES;
				IPHONEOS_DEPLOYMENT_TARGET = 15.4;
				MTL_ENABLE_DEBUG_INFO = INCLUDE_SOURCE;
				MTL_FAST_MATH = YES;
				ONLY_ACTIVE_ARCH = YES;
				SDKROOT = iphoneos;
				SWIFT_ACTIVE_COMPILATION_CONDITIONS = DEBUG;
				SWIFT_OPTIMIZATION_LEVEL = "-Onone";
			};
			name = Debug;
		};
		803DB3EB27EA35A900CC5BED /* Release */ = {
			isa = XCBuildConfiguration;
			buildSettings = {
				ALWAYS_SEARCH_USER_PATHS = NO;
				CLANG_ANALYZER_NONNULL = YES;
				CLANG_ANALYZER_NUMBER_OBJECT_CONVERSION = YES_AGGRESSIVE;
				CLANG_CXX_LANGUAGE_STANDARD = "gnu++17";
				CLANG_ENABLE_MODULES = YES;
				CLANG_ENABLE_OBJC_ARC = YES;
				CLANG_ENABLE_OBJC_WEAK = YES;
				CLANG_WARN_BLOCK_CAPTURE_AUTORELEASING = YES;
				CLANG_WARN_BOOL_CONVERSION = YES;
				CLANG_WARN_COMMA = YES;
				CLANG_WARN_CONSTANT_CONVERSION = YES;
				CLANG_WARN_DEPRECATED_OBJC_IMPLEMENTATIONS = YES;
				CLANG_WARN_DIRECT_OBJC_ISA_USAGE = YES_ERROR;
				CLANG_WARN_DOCUMENTATION_COMMENTS = YES;
				CLANG_WARN_EMPTY_BODY = YES;
				CLANG_WARN_ENUM_CONVERSION = YES;
				CLANG_WARN_INFINITE_RECURSION = YES;
				CLANG_WARN_INT_CONVERSION = YES;
				CLANG_WARN_NON_LITERAL_NULL_CONVERSION = YES;
				CLANG_WARN_OBJC_IMPLICIT_RETAIN_SELF = YES;
				CLANG_WARN_OBJC_LITERAL_CONVERSION = YES;
				CLANG_WARN_OBJC_ROOT_CLASS = YES_ERROR;
				CLANG_WARN_QUOTED_INCLUDE_IN_FRAMEWORK_HEADER = YES;
				CLANG_WARN_RANGE_LOOP_ANALYSIS = YES;
				CLANG_WARN_STRICT_PROTOTYPES = YES;
				CLANG_WARN_SUSPICIOUS_MOVE = YES;
				CLANG_WARN_UNGUARDED_AVAILABILITY = YES_AGGRESSIVE;
				CLANG_WARN_UNREACHABLE_CODE = YES;
				CLANG_WARN__DUPLICATE_METHOD_MATCH = YES;
				COPY_PHASE_STRIP = NO;
				DEBUG_INFORMATION_FORMAT = "dwarf-with-dsym";
				ENABLE_NS_ASSERTIONS = NO;
				ENABLE_STRICT_OBJC_MSGSEND = YES;
				GCC_C_LANGUAGE_STANDARD = gnu11;
				GCC_NO_COMMON_BLOCKS = YES;
				GCC_WARN_64_TO_32_BIT_CONVERSION = YES;
				GCC_WARN_ABOUT_RETURN_TYPE = YES_ERROR;
				GCC_WARN_UNDECLARED_SELECTOR = YES;
				GCC_WARN_UNINITIALIZED_AUTOS = YES_AGGRESSIVE;
				GCC_WARN_UNUSED_FUNCTION = YES;
				GCC_WARN_UNUSED_VARIABLE = YES;
				IPHONEOS_DEPLOYMENT_TARGET = 15.4;
				MTL_ENABLE_DEBUG_INFO = NO;
				MTL_FAST_MATH = YES;
				SDKROOT = iphoneos;
				SWIFT_COMPILATION_MODE = wholemodule;
				SWIFT_OPTIMIZATION_LEVEL = "-O";
				VALIDATE_PRODUCT = YES;
			};
			name = Release;
		};
		803DB3ED27EA35A900CC5BED /* Debug */ = {
			isa = XCBuildConfiguration;
			baseConfigurationReference = 8939257103AAFB0A21537ACD /* Pods-Eticaret.debug.xcconfig */;
			buildSettings = {
				ASSETCATALOG_COMPILER_APPICON_NAME = AppIcon;
				ASSETCATALOG_COMPILER_GLOBAL_ACCENT_COLOR_NAME = AccentColor;
				CODE_SIGN_STYLE = Automatic;
				CURRENT_PROJECT_VERSION = 1;
				DEVELOPMENT_TEAM = S47T2VL424;
				GENERATE_INFOPLIST_FILE = YES;
				INFOPLIST_FILE = Eticaret/Info.plist;
				INFOPLIST_KEY_UIApplicationSupportsIndirectInputEvents = YES;
				INFOPLIST_KEY_UILaunchStoryboardName = LaunchScreen;
				INFOPLIST_KEY_UIMainStoryboardFile = Main;
				INFOPLIST_KEY_UISupportedInterfaceOrientations_iPad = "UIInterfaceOrientationPortrait UIInterfaceOrientationPortraitUpsideDown UIInterfaceOrientationLandscapeLeft UIInterfaceOrientationLandscapeRight";
				INFOPLIST_KEY_UISupportedInterfaceOrientations_iPhone = "UIInterfaceOrientationPortrait UIInterfaceOrientationLandscapeLeft UIInterfaceOrientationLandscapeRight";
				LD_RUNPATH_SEARCH_PATHS = (
					"$(inherited)",
					"@executable_path/Frameworks",
				);
				MARKETING_VERSION = 1.0;
				PRODUCT_BUNDLE_IDENTIFIER = yunusoktay.Eticaret;
				PRODUCT_NAME = "$(TARGET_NAME)";
				SWIFT_EMIT_LOC_STRINGS = YES;
				SWIFT_VERSION = 5.0;
				TARGETED_DEVICE_FAMILY = "1,2";
			};
			name = Debug;
		};
		803DB3EE27EA35A900CC5BED /* Release */ = {
			isa = XCBuildConfiguration;
			baseConfigurationReference = 74AB98D9A7F532F0EFECC77C /* Pods-Eticaret.release.xcconfig */;
			buildSettings = {
				ASSETCATALOG_COMPILER_APPICON_NAME = AppIcon;
				ASSETCATALOG_COMPILER_GLOBAL_ACCENT_COLOR_NAME = AccentColor;
				CODE_SIGN_STYLE = Automatic;
				CURRENT_PROJECT_VERSION = 1;
				DEVELOPMENT_TEAM = S47T2VL424;
				GENERATE_INFOPLIST_FILE = YES;
				INFOPLIST_FILE = Eticaret/Info.plist;
				INFOPLIST_KEY_UIApplicationSupportsIndirectInputEvents = YES;
				INFOPLIST_KEY_UILaunchStoryboardName = LaunchScreen;
				INFOPLIST_KEY_UIMainStoryboardFile = Main;
				INFOPLIST_KEY_UISupportedInterfaceOrientations_iPad = "UIInterfaceOrientationPortrait UIInterfaceOrientationPortraitUpsideDown UIInterfaceOrientationLandscapeLeft UIInterfaceOrientationLandscapeRight";
				INFOPLIST_KEY_UISupportedInterfaceOrientations_iPhone = "UIInterfaceOrientationPortrait UIInterfaceOrientationLandscapeLeft UIInterfaceOrientationLandscapeRight";
				LD_RUNPATH_SEARCH_PATHS = (
					"$(inherited)",
					"@executable_path/Frameworks",
				);
				MARKETING_VERSION = 1.0;
				PRODUCT_BUNDLE_IDENTIFIER = yunusoktay.Eticaret;
				PRODUCT_NAME = "$(TARGET_NAME)";
				SWIFT_EMIT_LOC_STRINGS = YES;
				SWIFT_VERSION = 5.0;
				TARGETED_DEVICE_FAMILY = "1,2";
			};
			name = Release;
		};
/* End XCBuildConfiguration section */

/* Begin XCConfigurationList section */
		803DB3D327EA35A800CC5BED /* Build configuration list for PBXProject "Eticaret" */ = {
			isa = XCConfigurationList;
			buildConfigurations = (
				803DB3EA27EA35A900CC5BED /* Debug */,
				803DB3EB27EA35A900CC5BED /* Release */,
			);
			defaultConfigurationIsVisible = 0;
			defaultConfigurationName = Release;
		};
		803DB3EC27EA35A900CC5BED /* Build configuration list for PBXNativeTarget "Eticaret" */ = {
			isa = XCConfigurationList;
			buildConfigurations = (
				803DB3ED27EA35A900CC5BED /* Debug */,
				803DB3EE27EA35A900CC5BED /* Release */,
			);
			defaultConfigurationIsVisible = 0;
			defaultConfigurationName = Release;
		};
/* End XCConfigurationList section */
	};
	rootObject = 803DB3D027EA35A800CC5BED /* Project object */;
}
